// !$*UTF8*$!
{
	archiveVersion = 1;
	classes = {
	};
	objectVersion = 56;
	objects = {

/* Begin PBXBuildFile section */
		0A63903E29DC65DD00DECD59 /* SwiftUI_StudyApp.swift in Sources */ = {isa = PBXBuildFile; fileRef = 0A63903D29DC65DD00DECD59 /* SwiftUI_StudyApp.swift */; };
		0A63904029DC65DD00DECD59 /* ContentView.swift in Sources */ = {isa = PBXBuildFile; fileRef = 0A63903F29DC65DD00DECD59 /* ContentView.swift */; };
		0A63904229DC65DD00DECD59 /* Assets.xcassets in Resources */ = {isa = PBXBuildFile; fileRef = 0A63904129DC65DD00DECD59 /* Assets.xcassets */; };
		0A63904529DC65DD00DECD59 /* Preview Assets.xcassets in Resources */ = {isa = PBXBuildFile; fileRef = 0A63904429DC65DD00DECD59 /* Preview Assets.xcassets */; };
		0A63904F29DC65DD00DECD59 /* SwiftUI_StudyTests.swift in Sources */ = {isa = PBXBuildFile; fileRef = 0A63904E29DC65DD00DECD59 /* SwiftUI_StudyTests.swift */; };
		0A63905929DC65DD00DECD59 /* SwiftUI_StudyUITests.swift in Sources */ = {isa = PBXBuildFile; fileRef = 0A63905829DC65DD00DECD59 /* SwiftUI_StudyUITests.swift */; };
		0A63905B29DC65DD00DECD59 /* SwiftUI_StudyUITestsLaunchTests.swift in Sources */ = {isa = PBXBuildFile; fileRef = 0A63905A29DC65DD00DECD59 /* SwiftUI_StudyUITestsLaunchTests.swift */; };
		0A63906829DC684C00DECD59 /* from_6.swift in Sources */ = {isa = PBXBuildFile; fileRef = 0A63906729DC684C00DECD59 /* from_6.swift */; };
		0A63906A29DC6B8400DECD59 /* from_8.swift in Sources */ = {isa = PBXBuildFile; fileRef = 0A63906929DC6B8400DECD59 /* from_8.swift */; };
		0A63906C29DC6CD900DECD59 /* from_9.swift in Sources */ = {isa = PBXBuildFile; fileRef = 0A63906B29DC6CD900DECD59 /* from_9.swift */; };
		0A63906E29DC767900DECD59 /* from_10.swift in Sources */ = {isa = PBXBuildFile; fileRef = 0A63906D29DC767900DECD59 /* from_10.swift */; };
/* End PBXBuildFile section */

/* Begin PBXContainerItemProxy section */
		0A63904B29DC65DD00DECD59 /* PBXContainerItemProxy */ = {
			isa = PBXContainerItemProxy;
			containerPortal = 0A63903229DC65DD00DECD59 /* Project object */;
			proxyType = 1;
			remoteGlobalIDString = 0A63903929DC65DD00DECD59;
			remoteInfo = "SwiftUI-Study";
		};
		0A63905529DC65DD00DECD59 /* PBXContainerItemProxy */ = {
			isa = PBXContainerItemProxy;
			containerPortal = 0A63903229DC65DD00DECD59 /* Project object */;
			proxyType = 1;
			remoteGlobalIDString = 0A63903929DC65DD00DECD59;
			remoteInfo = "SwiftUI-Study";
		};
/* End PBXContainerItemProxy section */

/* Begin PBXFileReference section */
		0A63903A29DC65DD00DECD59 /* SwiftUI-Study.app */ = {isa = PBXFileReference; explicitFileType = wrapper.application; includeInIndex = 0; path = "SwiftUI-Study.app"; sourceTree = BUILT_PRODUCTS_DIR; };
		0A63903D29DC65DD00DECD59 /* SwiftUI_StudyApp.swift */ = {isa = PBXFileReference; lastKnownFileType = sourcecode.swift; path = SwiftUI_StudyApp.swift; sourceTree = "<group>"; };
		0A63903F29DC65DD00DECD59 /* ContentView.swift */ = {isa = PBXFileReference; lastKnownFileType = sourcecode.swift; path = ContentView.swift; sourceTree = "<group>"; };
		0A63904129DC65DD00DECD59 /* Assets.xcassets */ = {isa = PBXFileReference; lastKnownFileType = folder.assetcatalog; path = Assets.xcassets; sourceTree = "<group>"; };
		0A63904429DC65DD00DECD59 /* Preview Assets.xcassets */ = {isa = PBXFileReference; lastKnownFileType = folder.assetcatalog; path = "Preview Assets.xcassets"; sourceTree = "<group>"; };
		0A63904A29DC65DD00DECD59 /* SwiftUI-StudyTests.xctest */ = {isa = PBXFileReference; explicitFileType = wrapper.cfbundle; includeInIndex = 0; path = "SwiftUI-StudyTests.xctest"; sourceTree = BUILT_PRODUCTS_DIR; };
		0A63904E29DC65DD00DECD59 /* SwiftUI_StudyTests.swift */ = {isa = PBXFileReference; lastKnownFileType = sourcecode.swift; path = SwiftUI_StudyTests.swift; sourceTree = "<group>"; };
		0A63905429DC65DD00DECD59 /* SwiftUI-StudyUITests.xctest */ = {isa = PBXFileReference; explicitFileType = wrapper.cfbundle; includeInIndex = 0; path = "SwiftUI-StudyUITests.xctest"; sourceTree = BUILT_PRODUCTS_DIR; };
		0A63905829DC65DD00DECD59 /* SwiftUI_StudyUITests.swift */ = {isa = PBXFileReference; lastKnownFileType = sourcecode.swift; path = SwiftUI_StudyUITests.swift; sourceTree = "<group>"; };
		0A63905A29DC65DD00DECD59 /* SwiftUI_StudyUITestsLaunchTests.swift */ = {isa = PBXFileReference; lastKnownFileType = sourcecode.swift; path = SwiftUI_StudyUITestsLaunchTests.swift; sourceTree = "<group>"; };
		0A63906729DC684C00DECD59 /* from_6.swift */ = {isa = PBXFileReference; lastKnownFileType = sourcecode.swift; path = from_6.swift; sourceTree = "<group>"; };
		0A63906929DC6B8400DECD59 /* from_8.swift */ = {isa = PBXFileReference; lastKnownFileType = sourcecode.swift; path = from_8.swift; sourceTree = "<group>"; };
		0A63906B29DC6CD900DECD59 /* from_9.swift */ = {isa = PBXFileReference; lastKnownFileType = sourcecode.swift; path = from_9.swift; sourceTree = "<group>"; };
		0A63906D29DC767900DECD59 /* from_10.swift */ = {isa = PBXFileReference; lastKnownFileType = sourcecode.swift; path = from_10.swift; sourceTree = "<group>"; };
/* End PBXFileReference section */

/* Begin PBXFrameworksBuildPhase section */
		0A63903729DC65DD00DECD59 /* Frameworks */ = {
			isa = PBXFrameworksBuildPhase;
			buildActionMask = 2147483647;
			files = (
			);
			runOnlyForDeploymentPostprocessing = 0;
		};
		0A63904729DC65DD00DECD59 /* Frameworks */ = {
			isa = PBXFrameworksBuildPhase;
			buildActionMask = 2147483647;
			files = (
			);
			runOnlyForDeploymentPostprocessing = 0;
		};
		0A63905129DC65DD00DECD59 /* Frameworks */ = {
			isa = PBXFrameworksBuildPhase;
			buildActionMask = 2147483647;
			files = (
			);
			runOnlyForDeploymentPostprocessing = 0;
		};
/* End PBXFrameworksBuildPhase section */

/* Begin PBXGroup section */
		0A63903129DC65DD00DECD59 = {
			isa = PBXGroup;
			children = (
				0A63903C29DC65DD00DECD59 /* SwiftUI-Study */,
				0A63904D29DC65DD00DECD59 /* SwiftUI-StudyTests */,
				0A63905729DC65DD00DECD59 /* SwiftUI-StudyUITests */,
				0A63903B29DC65DD00DECD59 /* Products */,
			);
			sourceTree = "<group>";
		};
		0A63903B29DC65DD00DECD59 /* Products */ = {
			isa = PBXGroup;
			children = (
				0A63903A29DC65DD00DECD59 /* SwiftUI-Study.app */,
				0A63904A29DC65DD00DECD59 /* SwiftUI-StudyTests.xctest */,
				0A63905429DC65DD00DECD59 /* SwiftUI-StudyUITests.xctest */,
			);
			name = Products;
			sourceTree = "<group>";
		};
		0A63903C29DC65DD00DECD59 /* SwiftUI-Study */ = {
			isa = PBXGroup;
			children = (
				0A63903D29DC65DD00DECD59 /* SwiftUI_StudyApp.swift */,
				0A63903F29DC65DD00DECD59 /* ContentView.swift */,
				0A63904129DC65DD00DECD59 /* Assets.xcassets */,
				0A63904329DC65DD00DECD59 /* Preview Content */,
				0A63906729DC684C00DECD59 /* from_6.swift */,
				0A63906929DC6B8400DECD59 /* from_8.swift */,
				0A63906B29DC6CD900DECD59 /* from_9.swift */,
				0A63906D29DC767900DECD59 /* from_10.swift */,
			);
			path = "SwiftUI-Study";
			sourceTree = "<group>";
		};
		0A63904329DC65DD00DECD59 /* Preview Content */ = {
			isa = PBXGroup;
			children = (
				0A63904429DC65DD00DECD59 /* Preview Assets.xcassets */,
			);
			path = "Preview Content";
			sourceTree = "<group>";
		};
		0A63904D29DC65DD00DECD59 /* SwiftUI-StudyTests */ = {
			isa = PBXGroup;
			children = (
				0A63904E29DC65DD00DECD59 /* SwiftUI_StudyTests.swift */,
			);
			path = "SwiftUI-StudyTests";
			sourceTree = "<group>";
		};
		0A63905729DC65DD00DECD59 /* SwiftUI-StudyUITests */ = {
			isa = PBXGroup;
			children = (
				0A63905829DC65DD00DECD59 /* SwiftUI_StudyUITests.swift */,
				0A63905A29DC65DD00DECD59 /* SwiftUI_StudyUITestsLaunchTests.swift */,
			);
			path = "SwiftUI-StudyUITests";
			sourceTree = "<group>";
		};
/* End PBXGroup section */

/* Begin PBXNativeTarget section */
		0A63903929DC65DD00DECD59 /* SwiftUI-Study */ = {
			isa = PBXNativeTarget;
			buildConfigurationList = 0A63905E29DC65DD00DECD59 /* Build configuration list for PBXNativeTarget "SwiftUI-Study" */;
			buildPhases = (
				0A63903629DC65DD00DECD59 /* Sources */,
				0A63903729DC65DD00DECD59 /* Frameworks */,
				0A63903829DC65DD00DECD59 /* Resources */,
			);
			buildRules = (
			);
			dependencies = (
			);
			name = "SwiftUI-Study";
			productName = "SwiftUI-Study";
			productReference = 0A63903A29DC65DD00DECD59 /* SwiftUI-Study.app */;
			productType = "com.apple.product-type.application";
		};
		0A63904929DC65DD00DECD59 /* SwiftUI-StudyTests */ = {
			isa = PBXNativeTarget;
			buildConfigurationList = 0A63906129DC65DD00DECD59 /* Build configuration list for PBXNativeTarget "SwiftUI-StudyTests" */;
			buildPhases = (
				0A63904629DC65DD00DECD59 /* Sources */,
				0A63904729DC65DD00DECD59 /* Frameworks */,
				0A63904829DC65DD00DECD59 /* Resources */,
			);
			buildRules = (
			);
			dependencies = (
				0A63904C29DC65DD00DECD59 /* PBXTargetDependency */,
			);
			name = "SwiftUI-StudyTests";
			productName = "SwiftUI-StudyTests";
			productReference = 0A63904A29DC65DD00DECD59 /* SwiftUI-StudyTests.xctest */;
			productType = "com.apple.product-type.bundle.unit-test";
		};
		0A63905329DC65DD00DECD59 /* SwiftUI-StudyUITests */ = {
			isa = PBXNativeTarget;
			buildConfigurationList = 0A63906429DC65DD00DECD59 /* Build configuration list for PBXNativeTarget "SwiftUI-StudyUITests" */;
			buildPhases = (
				0A63905029DC65DD00DECD59 /* Sources */,
				0A63905129DC65DD00DECD59 /* Frameworks */,
				0A63905229DC65DD00DECD59 /* Resources */,
			);
			buildRules = (
			);
			dependencies = (
				0A63905629DC65DD00DECD59 /* PBXTargetDependency */,
			);
			name = "SwiftUI-StudyUITests";
			productName = "SwiftUI-StudyUITests";
			productReference = 0A63905429DC65DD00DECD59 /* SwiftUI-StudyUITests.xctest */;
			productType = "com.apple.product-type.bundle.ui-testing";
		};
/* End PBXNativeTarget section */

/* Begin PBXProject section */
		0A63903229DC65DD00DECD59 /* Project object */ = {
			isa = PBXProject;
			attributes = {
				BuildIndependentTargetsInParallel = 1;
				LastSwiftUpdateCheck = 1420;
				LastUpgradeCheck = 1420;
				TargetAttributes = {
					0A63903929DC65DD00DECD59 = {
						CreatedOnToolsVersion = 14.2;
					};
					0A63904929DC65DD00DECD59 = {
						CreatedOnToolsVersion = 14.2;
						TestTargetID = 0A63903929DC65DD00DECD59;
					};
					0A63905329DC65DD00DECD59 = {
						CreatedOnToolsVersion = 14.2;
						TestTargetID = 0A63903929DC65DD00DECD59;
					};
				};
			};
			buildConfigurationList = 0A63903529DC65DD00DECD59 /* Build configuration list for PBXProject "SwiftUI-Study" */;
			compatibilityVersion = "Xcode 14.0";
			developmentRegion = en;
			hasScannedForEncodings = 0;
			knownRegions = (
				en,
				Base,
			);
			mainGroup = 0A63903129DC65DD00DECD59;
			productRefGroup = 0A63903B29DC65DD00DECD59 /* Products */;
			projectDirPath = "";
			projectRoot = "";
			targets = (
				0A63903929DC65DD00DECD59 /* SwiftUI-Study */,
				0A63904929DC65DD00DECD59 /* SwiftUI-StudyTests */,
				0A63905329DC65DD00DECD59 /* SwiftUI-StudyUITests */,
			);
		};
/* End PBXProject section */

/* Begin PBXResourcesBuildPhase section */
		0A63903829DC65DD00DECD59 /* Resources */ = {
			isa = PBXResourcesBuildPhase;
			buildActionMask = 2147483647;
			files = (
				0A63904529DC65DD00DECD59 /* Preview Assets.xcassets in Resources */,
				0A63904229DC65DD00DECD59 /* Assets.xcassets in Resources */,
			);
			runOnlyForDeploymentPostprocessing = 0;
		};
		0A63904829DC65DD00DECD59 /* Resources */ = {
			isa = PBXResourcesBuildPhase;
			buildActionMask = 2147483647;
			files = (
			);
			runOnlyForDeploymentPostprocessing = 0;
		};
		0A63905229DC65DD00DECD59 /* Resources */ = {
			isa = PBXResourcesBuildPhase;
			buildActionMask = 2147483647;
			files = (
			);
			runOnlyForDeploymentPostprocessing = 0;
		};
/* End PBXResourcesBuildPhase section */

/* Begin PBXSourcesBuildPhase section */
		0A63903629DC65DD00DECD59 /* Sources */ = {
			isa = PBXSourcesBuildPhase;
			buildActionMask = 2147483647;
			files = (
				0A63906C29DC6CD900DECD59 /* from_9.swift in Sources */,
				0A63906A29DC6B8400DECD59 /* from_8.swift in Sources */,
				0A63904029DC65DD00DECD59 /* ContentView.swift in Sources */,
				0A63906829DC684C00DECD59 /* from_6.swift in Sources */,
				0A63906E29DC767900DECD59 /* from_10.swift in Sources */,
				0A63903E29DC65DD00DECD59 /* SwiftUI_StudyApp.swift in Sources */,
			);
			runOnlyForDeploymentPostprocessing = 0;
		};
		0A63904629DC65DD00DECD59 /* Sources */ = {
			isa = PBXSourcesBuildPhase;
			buildActionMask = 2147483647;
			files = (
				0A63904F29DC65DD00DECD59 /* SwiftUI_StudyTests.swift in Sources */,
			);
			runOnlyForDeploymentPostprocessing = 0;
		};
		0A63905029DC65DD00DECD59 /* Sources */ = {
			isa = PBXSourcesBuildPhase;
			buildActionMask = 2147483647;
			files = (
				0A63905B29DC65DD00DECD59 /* SwiftUI_StudyUITestsLaunchTests.swift in Sources */,
				0A63905929DC65DD00DECD59 /* SwiftUI_StudyUITests.swift in Sources */,
			);
			runOnlyForDeploymentPostprocessing = 0;
		};
/* End PBXSourcesBuildPhase section */

/* Begin PBXTargetDependency section */
		0A63904C29DC65DD00DECD59 /* PBXTargetDependency */ = {
			isa = PBXTargetDependency;
			target = 0A63903929DC65DD00DECD59 /* SwiftUI-Study */;
			targetProxy = 0A63904B29DC65DD00DECD59 /* PBXContainerItemProxy */;
		};
		0A63905629DC65DD00DECD59 /* PBXTargetDependency */ = {
			isa = PBXTargetDependency;
			target = 0A63903929DC65DD00DECD59 /* SwiftUI-Study */;
			targetProxy = 0A63905529DC65DD00DECD59 /* PBXContainerItemProxy */;
		};
/* End PBXTargetDependency section */

/* Begin XCBuildConfiguration section */
		0A63905C29DC65DD00DECD59 /* Debug */ = {
			isa = XCBuildConfiguration;
			buildSettings = {
				ALWAYS_SEARCH_USER_PATHS = NO;
				CLANG_ANALYZER_NONNULL = YES;
				CLANG_ANALYZER_NUMBER_OBJECT_CONVERSION = YES_AGGRESSIVE;
				CLANG_CXX_LANGUAGE_STANDARD = "gnu++20";
				CLANG_ENABLE_MODULES = YES;
				CLANG_ENABLE_OBJC_ARC = YES;
				CLANG_ENABLE_OBJC_WEAK = YES;
				CLANG_WARN_BLOCK_CAPTURE_AUTORELEASING = YES;
				CLANG_WARN_BOOL_CONVERSION = YES;
				CLANG_WARN_COMMA = YES;
				CLANG_WARN_CONSTANT_CONVERSION = YES;
				CLANG_WARN_DEPRECATED_OBJC_IMPLEMENTATIONS = YES;
				CLANG_WARN_DIRECT_OBJC_ISA_USAGE = YES_ERROR;
				CLANG_WARN_DOCUMENTATION_COMMENTS = YES;
				CLANG_WARN_EMPTY_BODY = YES;
				CLANG_WARN_ENUM_CONVERSION = YES;
				CLANG_WARN_INFINITE_RECURSION = YES;
				CLANG_WARN_INT_CONVERSION = YES;
				CLANG_WARN_NON_LITERAL_NULL_CONVERSION = YES;
				CLANG_WARN_OBJC_IMPLICIT_RETAIN_SELF = YES;
				CLANG_WARN_OBJC_LITERAL_CONVERSION = YES;
				CLANG_WARN_OBJC_ROOT_CLASS = YES_ERROR;
				CLANG_WARN_QUOTED_INCLUDE_IN_FRAMEWORK_HEADER = YES;
				CLANG_WARN_RANGE_LOOP_ANALYSIS = YES;
				CLANG_WARN_STRICT_PROTOTYPES = YES;
				CLANG_WARN_SUSPICIOUS_MOVE = YES;
				CLANG_WARN_UNGUARDED_AVAILABILITY = YES_AGGRESSIVE;
				CLANG_WARN_UNREACHABLE_CODE = YES;
				CLANG_WARN__DUPLICATE_METHOD_MATCH = YES;
				COPY_PHASE_STRIP = NO;
				DEBUG_INFORMATION_FORMAT = dwarf;
				ENABLE_STRICT_OBJC_MSGSEND = YES;
				ENABLE_TESTABILITY = YES;
				GCC_C_LANGUAGE_STANDARD = gnu11;
				GCC_DYNAMIC_NO_PIC = NO;
				GCC_NO_COMMON_BLOCKS = YES;
				GCC_OPTIMIZATION_LEVEL = 0;
				GCC_PREPROCESSOR_DEFINITIONS = (
					"DEBUG=1",
					"$(inherited)",
				);
				GCC_WARN_64_TO_32_BIT_CONVERSION = YES;
				GCC_WARN_ABOUT_RETURN_TYPE = YES_ERROR;
				GCC_WARN_UNDECLARED_SELECTOR = YES;
				GCC_WARN_UNINITIALIZED_AUTOS = YES_AGGRESSIVE;
				GCC_WARN_UNUSED_FUNCTION = YES;
				GCC_WARN_UNUSED_VARIABLE = YES;
				IPHONEOS_DEPLOYMENT_TARGET = 16.2;
				MTL_ENABLE_DEBUG_INFO = INCLUDE_SOURCE;
				MTL_FAST_MATH = YES;
				ONLY_ACTIVE_ARCH = YES;
				SDKROOT = iphoneos;
				SWIFT_ACTIVE_COMPILATION_CONDITIONS = DEBUG;
				SWIFT_OPTIMIZATION_LEVEL = "-Onone";
			};
			name = Debug;
		};
		0A63905D29DC65DD00DECD59 /* Release */ = {
			isa = XCBuildConfiguration;
			buildSettings = {
				ALWAYS_SEARCH_USER_PATHS = NO;
				CLANG_ANALYZER_NONNULL = YES;
				CLANG_ANALYZER_NUMBER_OBJECT_CONVERSION = YES_AGGRESSIVE;
				CLANG_CXX_LANGUAGE_STANDARD = "gnu++20";
				CLANG_ENABLE_MODULES = YES;
				CLANG_ENABLE_OBJC_ARC = YES;
				CLANG_ENABLE_OBJC_WEAK = YES;
				CLANG_WARN_BLOCK_CAPTURE_AUTORELEASING = YES;
				CLANG_WARN_BOOL_CONVERSION = YES;
				CLANG_WARN_COMMA = YES;
				CLANG_WARN_CONSTANT_CONVERSION = YES;
				CLANG_WARN_DEPRECATED_OBJC_IMPLEMENTATIONS = YES;
				CLANG_WARN_DIRECT_OBJC_ISA_USAGE = YES_ERROR;
				CLANG_WARN_DOCUMENTATION_COMMENTS = YES;
				CLANG_WARN_EMPTY_BODY = YES;
				CLANG_WARN_ENUM_CONVERSION = YES;
				CLANG_WARN_INFINITE_RECURSION = YES;
				CLANG_WARN_INT_CONVERSION = YES;
				CLANG_WARN_NON_LITERAL_NULL_CONVERSION = YES;
				CLANG_WARN_OBJC_IMPLICIT_RETAIN_SELF = YES;
				CLANG_WARN_OBJC_LITERAL_CONVERSION = YES;
				CLANG_WARN_OBJC_ROOT_CLASS = YES_ERROR;
				CLANG_WARN_QUOTED_INCLUDE_IN_FRAMEWORK_HEADER = YES;
				CLANG_WARN_RANGE_LOOP_ANALYSIS = YES;
				CLANG_WARN_STRICT_PROTOTYPES = YES;
				CLANG_WARN_SUSPICIOUS_MOVE = YES;
				CLANG_WARN_UNGUARDED_AVAILABILITY = YES_AGGRESSIVE;
				CLANG_WARN_UNREACHABLE_CODE = YES;
				CLANG_WARN__DUPLICATE_METHOD_MATCH = YES;
				COPY_PHASE_STRIP = NO;
				DEBUG_INFORMATION_FORMAT = "dwarf-with-dsym";
				ENABLE_NS_ASSERTIONS = NO;
				ENABLE_STRICT_OBJC_MSGSEND = YES;
				GCC_C_LANGUAGE_STANDARD = gnu11;
				GCC_NO_COMMON_BLOCKS = YES;
				GCC_WARN_64_TO_32_BIT_CONVERSION = YES;
				GCC_WARN_ABOUT_RETURN_TYPE = YES_ERROR;
				GCC_WARN_UNDECLARED_SELECTOR = YES;
				GCC_WARN_UNINITIALIZED_AUTOS = YES_AGGRESSIVE;
				GCC_WARN_UNUSED_FUNCTION = YES;
				GCC_WARN_UNUSED_VARIABLE = YES;
				IPHONEOS_DEPLOYMENT_TARGET = 16.2;
				MTL_ENABLE_DEBUG_INFO = NO;
				MTL_FAST_MATH = YES;
				SDKROOT = iphoneos;
				SWIFT_COMPILATION_MODE = wholemodule;
				SWIFT_OPTIMIZATION_LEVEL = "-O";
				VALIDATE_PRODUCT = YES;
			};
			name = Release;
		};
		0A63905F29DC65DD00DECD59 /* Debug */ = {
			isa = XCBuildConfiguration;
			buildSettings = {
				ASSETCATALOG_COMPILER_APPICON_NAME = AppIcon;
				ASSETCATALOG_COMPILER_GLOBAL_ACCENT_COLOR_NAME = AccentColor;
				CODE_SIGN_STYLE = Automatic;
				CURRENT_PROJECT_VERSION = 1;
				DEVELOPMENT_ASSET_PATHS = "\"SwiftUI-Study/Preview Content\"";
				ENABLE_PREVIEWS = YES;
				GENERATE_INFOPLIST_FILE = YES;
				INFOPLIST_KEY_UIApplicationSceneManifest_Generation = YES;
				INFOPLIST_KEY_UIApplicationSupportsIndirectInputEvents = YES;
				INFOPLIST_KEY_UILaunchScreen_Generation = YES;
				INFOPLIST_KEY_UISupportedInterfaceOrientations_iPad = "UIInterfaceOrientationPortrait UIInterfaceOrientationPortraitUpsideDown UIInterfaceOrientationLandscapeLeft UIInterfaceOrientationLandscapeRight";
				INFOPLIST_KEY_UISupportedInterfaceOrientations_iPhone = "UIInterfaceOrientationPortrait UIInterfaceOrientationLandscapeLeft UIInterfaceOrientationLandscapeRight";
				LD_RUNPATH_SEARCH_PATHS = (
					"$(inherited)",
					"@executable_path/Frameworks",
				);
				MARKETING_VERSION = 1.0;
				PRODUCT_BUNDLE_IDENTIFIER = "padoari.SwiftUI-Study";
				PRODUCT_NAME = "$(TARGET_NAME)";
				SWIFT_EMIT_LOC_STRINGS = YES;
				SWIFT_VERSION = 5.0;
				TARGETED_DEVICE_FAMILY = "1,2";
			};
			name = Debug;
		};
		0A63906029DC65DD00DECD59 /* Release */ = {
			isa = XCBuildConfiguration;
			buildSettings = {
				ASSETCATALOG_COMPILER_APPICON_NAME = AppIcon;
				ASSETCATALOG_COMPILER_GLOBAL_ACCENT_COLOR_NAME = AccentColor;
				CODE_SIGN_STYLE = Automatic;
				CURRENT_PROJECT_VERSION = 1;
				DEVELOPMENT_ASSET_PATHS = "\"SwiftUI-Study/Preview Content\"";
				ENABLE_PREVIEWS = YES;
				GENERATE_INFOPLIST_FILE = YES;
				INFOPLIST_KEY_UIApplicationSceneManifest_Generation = YES;
				INFOPLIST_KEY_UIApplicationSupportsIndirectInputEvents = YES;
				INFOPLIST_KEY_UILaunchScreen_Generation = YES;
				INFOPLIST_KEY_UISupportedInterfaceOrientations_iPad = "UIInterfaceOrientationPortrait UIInterfaceOrientationPortraitUpsideDown UIInterfaceOrientationLandscapeLeft UIInterfaceOrientationLandscapeRight";
				INFOPLIST_KEY_UISupportedInterfaceOrientations_iPhone = "UIInterfaceOrientationPortrait UIInterfaceOrientationLandscapeLeft UIInterfaceOrientationLandscapeRight";
				LD_RUNPATH_SEARCH_PATHS = (
					"$(inherited)",
					"@executable_path/Frameworks",
				);
				MARKETING_VERSION = 1.0;
				PRODUCT_BUNDLE_IDENTIFIER = "padoari.SwiftUI-Study";
				PRODUCT_NAME = "$(TARGET_NAME)";
				SWIFT_EMIT_LOC_STRINGS = YES;
				SWIFT_VERSION = 5.0;
				TARGETED_DEVICE_FAMILY = "1,2";
			};
			name = Release;
		};
		0A63906229DC65DD00DECD59 /* Debug */ = {
			isa = XCBuildConfiguration;
			buildSettings = {
				ALWAYS_EMBED_SWIFT_STANDARD_LIBRARIES = YES;
				BUNDLE_LOADER = "$(TEST_HOST)";
				CODE_SIGN_STYLE = Automatic;
				CURRENT_PROJECT_VERSION = 1;
				GENERATE_INFOPLIST_FILE = YES;
				IPHONEOS_DEPLOYMENT_TARGET = 16.2;
				MARKETING_VERSION = 1.0;
				PRODUCT_BUNDLE_IDENTIFIER = "padoari.SwiftUI-StudyTests";
				PRODUCT_NAME = "$(TARGET_NAME)";
				SWIFT_EMIT_LOC_STRINGS = NO;
				SWIFT_VERSION = 5.0;
				TARGETED_DEVICE_FAMILY = "1,2";
				TEST_HOST = "$(BUILT_PRODUCTS_DIR)/SwiftUI-Study.app/$(BUNDLE_EXECUTABLE_FOLDER_PATH)/SwiftUI-Study";
			};
			name = Debug;
		};
		0A63906329DC65DD00DECD59 /* Release */ = {
			isa = XCBuildConfiguration;
			buildSettings = {
				ALWAYS_EMBED_SWIFT_STANDARD_LIBRARIES = YES;
				BUNDLE_LOADER = "$(TEST_HOST)";
				CODE_SIGN_STYLE = Automatic;
				CURRENT_PROJECT_VERSION = 1;
				GENERATE_INFOPLIST_FILE = YES;
				IPHONEOS_DEPLOYMENT_TARGET = 16.2;
				MARKETING_VERSION = 1.0;
				PRODUCT_BUNDLE_IDENTIFIER = "padoari.SwiftUI-StudyTests";
				PRODUCT_NAME = "$(TARGET_NAME)";
				SWIFT_EMIT_LOC_STRINGS = NO;
				SWIFT_VERSION = 5.0;
				TARGETED_DEVICE_FAMILY = "1,2";
				TEST_HOST = "$(BUILT_PRODUCTS_DIR)/SwiftUI-Study.app/$(BUNDLE_EXECUTABLE_FOLDER_PATH)/SwiftUI-Study";
			};
			name = Release;
		};
		0A63906529DC65DD00DECD59 /* Debug */ = {
			isa = XCBuildConfiguration;
			buildSettings = {
				ALWAYS_EMBED_SWIFT_STANDARD_LIBRARIES = YES;
				CODE_SIGN_STYLE = Automatic;
				CURRENT_PROJECT_VERSION = 1;
				GENERATE_INFOPLIST_FILE = YES;
				MARKETING_VERSION = 1.0;
				PRODUCT_BUNDLE_IDENTIFIER = "padoari.SwiftUI-StudyUITests";
				PRODUCT_NAME = "$(TARGET_NAME)";
				SWIFT_EMIT_LOC_STRINGS = NO;
				SWIFT_VERSION = 5.0;
				TARGETED_DEVICE_FAMILY = "1,2";
				TEST_TARGET_NAME = "SwiftUI-Study";
			};
			name = Debug;
		};
		0A63906629DC65DD00DECD59 /* Release */ = {
			isa = XCBuildConfiguration;
			buildSettings = {
				ALWAYS_EMBED_SWIFT_STANDARD_LIBRARIES = YES;
				CODE_SIGN_STYLE = Automatic;
				CURRENT_PROJECT_VERSION = 1;
				GENERATE_INFOPLIST_FILE = YES;
				MARKETING_VERSION = 1.0;
				PRODUCT_BUNDLE_IDENTIFIER = "padoari.SwiftUI-StudyUITests";
				PRODUCT_NAME = "$(TARGET_NAME)";
				SWIFT_EMIT_LOC_STRINGS = NO;
				SWIFT_VERSION = 5.0;
				TARGETED_DEVICE_FAMILY = "1,2";
				TEST_TARGET_NAME = "SwiftUI-Study";
			};
			name = Release;
		};
/* End XCBuildConfiguration section */

/* Begin XCConfigurationList section */
		0A63903529DC65DD00DECD59 /* Build configuration list for PBXProject "SwiftUI-Study" */ = {
			isa = XCConfigurationList;
			buildConfigurations = (
				0A63905C29DC65DD00DECD59 /* Debug */,
				0A63905D29DC65DD00DECD59 /* Release */,
			);
			defaultConfigurationIsVisible = 0;
			defaultConfigurationName = Release;
		};
		0A63905E29DC65DD00DECD59 /* Build configuration list for PBXNativeTarget "SwiftUI-Study" */ = {
			isa = XCConfigurationList;
			buildConfigurations = (
				0A63905F29DC65DD00DECD59 /* Debug */,
				0A63906029DC65DD00DECD59 /* Release */,
			);
			defaultConfigurationIsVisible = 0;
			defaultConfigurationName = Release;
		};
		0A63906129DC65DD00DECD59 /* Build configuration list for PBXNativeTarget "SwiftUI-StudyTests" */ = {
			isa = XCConfigurationList;
			buildConfigurations = (
				0A63906229DC65DD00DECD59 /* Debug */,
				0A63906329DC65DD00DECD59 /* Release */,
			);
			defaultConfigurationIsVisible = 0;
			defaultConfigurationName = Release;
		};
		0A63906429DC65DD00DECD59 /* Build configuration list for PBXNativeTarget "SwiftUI-StudyUITests" */ = {
			isa = XCConfigurationList;
			buildConfigurations = (
				0A63906529DC65DD00DECD59 /* Debug */,
				0A63906629DC65DD00DECD59 /* Release */,
			);
			defaultConfigurationIsVisible = 0;
			defaultConfigurationName = Release;
		};
/* End XCConfigurationList section */
	};
	rootObject = 0A63903229DC65DD00DECD59 /* Project object */;
}
